# THIS IS AN AUTOGENERATED FILE. DO NOT EDIT THIS FILE DIRECTLY.
# yarn lockfile v1


"@fullcalendar/core@^6.1.18", "@fullcalendar/core@~6.1.18":
  version "6.1.18"
  resolved "https://registry.npmjs.org/@fullcalendar/core/-/core-6.1.18.tgz"
  integrity sha512-cD7XtZIZZ87Cg2+itnpsONCsZ89VIfLLDZ22pQX4IQVWlpYUB3bcCf878DhWkqyEen6dhi5ePtBoqYgm5K+0fQ==
  dependencies:
    preact "~10.12.1"

"@fullcalendar/daygrid@^6.1.18", "@fullcalendar/daygrid@~6.1.18":
  version "6.1.18"
  resolved "https://registry.npmjs.org/@fullcalendar/daygrid/-/daygrid-6.1.18.tgz"
  integrity sha512-s452Zle1SdMEzZDw+pDczm8m3JLIZzS9ANMThXTnqeqJewW1gqNFYas18aHypJSgF9Fh9rDJjTSUw04BpXB/Mg==

"@fullcalendar/interaction@^6.1.18", "@fullcalendar/interaction@~6.1.18":
  version "6.1.18"
  resolved "https://registry.npmjs.org/@fullcalendar/interaction/-/interaction-6.1.18.tgz"
  integrity sha512-f/mD5RTjzw+Q6MGTMZrLCgIrQLIUUO9NV/58aM2J6ZBQZeRlNizDqmqldqyG+j49zj2vFhUfZibPrVKWm5yA4Q==

"@fullcalendar/list@^6.1.18", "@fullcalendar/list@~6.1.18":
  version "6.1.18"
  resolved "https://registry.npmjs.org/@fullcalendar/list/-/list-6.1.18.tgz"
  integrity sha512-XPZI50mq3HXyDQ5sT3jmqQUuwG8zQb5H14dQIUAmOHAIFRA3WpkxlzrXO0U1SrosvGySMPyyNNxvMKI1Q/jL7A==

"@fullcalendar/multimonth@~6.1.18":
  version "6.1.18"
  resolved "https://registry.npmjs.org/@fullcalendar/multimonth/-/multimonth-6.1.18.tgz"
  integrity sha512-4WSqtheJgWQMcJZjDDwTCYHe1JWTGZyJdCbIs84DuKbwZWH96g07Kr/3xDwsxiHgVX0iFlwljtkp2OmtMxQoDA==
  dependencies:
    "@fullcalendar/daygrid" "~6.1.18"

"@fullcalendar/timegrid@~6.1.18":
  version "6.1.18"
  resolved "https://registry.npmjs.org/@fullcalendar/timegrid/-/timegrid-6.1.18.tgz"
  integrity sha512-T/ouhs+T1tM8JcW7Cjx+KiohL/qQWKqvRITwjol8ktJ1e1N/6noC40/obR1tyolqOxMRWHjJkYoj9fUqfoez9A==
  dependencies:
    "@fullcalendar/daygrid" "~6.1.18"

bootstrap-icons@^1.13.1:
  version "1.13.1"
  resolved "https://registry.npmjs.org/bootstrap-icons/-/bootstrap-icons-1.13.1.tgz"
  integrity sha512-ijombt4v6bv5CLeXvRWKy7CuM3TRTuPEuGaGKvTV5cz65rQSY8RQ2JcHt6b90cBBAC7s8fsf2EkQDldzCoXUjw==

fullcalendar@^6.1.18:
  version "6.1.18"
  resolved "https://registry.npmjs.org/fullcalendar/-/fullcalendar-6.1.18.tgz"
  integrity sha512-jwZrCleBhY78j+uBf97FW2rgzjH6nmCpfx0p0m+XSNPZrKWbsk759ri1QWXS3PoISrHjcU5wFM4dRPP9inp5Pg==
  dependencies:
    "@fullcalendar/core" "~6.1.18"
    "@fullcalendar/daygrid" "~6.1.18"
    "@fullcalendar/interaction" "~6.1.18"
    "@fullcalendar/list" "~6.1.18"
    "@fullcalendar/multimonth" "~6.1.18"
    "@fullcalendar/timegrid" "~6.1.18"

preact@^10.20.2:
  version "10.26.9"
  resolved "https://registry.npmjs.org/preact/-/preact-10.26.9.tgz"
  integrity sha512-SSjF9vcnF27mJK1XyFMNJzFd5u3pQiATFqoaDy03XuN00u4ziveVVEGt5RKJrDR8MHE/wJo9Nnad56RLzS2RMA==

preact@~10.12.1:
  version "10.12.1"
  resolved "https://registry.npmjs.org/preact/-/preact-10.12.1.tgz"
  integrity sha512-l8386ixSsBdbreOAkqtrwqHwdvR35ID8c3rKPa8lCWuO86dBi32QWHV4vfsZK1utLLFMvw+Z5Ad4XLkZzchscg==
